
Microsoft Visual Studio Solution File, Format Version 12.00
# Visual Studio Version 16
VisualStudioVersion = 16.0.30413.136
MinimumVisualStudioVersion = 10.0.40219.1
Project("{9A19103F-16F7-4668-BE54-9A1E7A4F7556}") = "MCA.GameSense", "MCA.GameSense\MCA.GameSense.csproj", "{78D760DD-2B7F-4B58-BC82-2D84448EFDE0}"
EndProject
Project("{FAE04EC0-301F-11D3-BF4B-00C04F79EFBC}") = "MCA.GameSense.Clock", "MCA.GameSense.Clock\MCA.GameSense.Clock.csproj", "{B499C410-019B-4619-B901-214FF20007CE}"
EndProject
Global
	GlobalSection(SolutionConfigurationPlatforms) = preSolution
		Debug|Any CPU = Debug|Any CPU
		Release|Any CPU = Release|Any CPU
	EndGlobalSection
	GlobalSection(ProjectConfigurationPlatforms) = postSolution
		{78D760DD-2B7F-4B58-BC82-2D84448EFDE0}.Debug|Any CPU.ActiveCfg = Debug|Any CPU
		{78D760DD-2B7F-4B58-BC82-2D84448EFDE0}.Debug|Any CPU.Build.0 = Debug|Any CPU
		{78D760DD-2B7F-4B58-BC82-2D84448EFDE0}.Release|Any CPU.ActiveCfg = Release|Any CPU
		{78D760DD-2B7F-4B58-BC82-2D84448EFDE0}.Release|Any CPU.Build.0 = Release|Any CPU
		{1678282A-BE6B-4BC6-8684-3BB0195D9222}.Debug|Any CPU.ActiveCfg = Debug|Any CPU
		{1678282A-BE6B-4BC6-8684-3BB0195D9222}.Debug|Any CPU.Build.0 = Debug|Any CPU
		{1678282A-BE6B-4BC6-8684-3BB0195D9222}.Release|Any CPU.ActiveCfg = Release|Any CPU
		{1678282A-BE6B-4BC6-8684-3BB0195D9222}.Release|Any CPU.Build.0 = Release|Any CPU
		{B499C410-019B-4619-B901-214FF20007CE}.Debug|Any CPU.ActiveCfg = Debug|Any CPU
		{B499C410-019B-4619-B901-214FF20007CE}.Debug|Any CPU.Build.0 = Debug|Any CPU
		{B499C410-019B-4619-B901-214FF20007CE}.Release|Any CPU.ActiveCfg = Release|Any CPU
		{B499C410-019B-4619-B901-214FF20007CE}.Release|Any CPU.Build.0 = Release|Any CPU
	EndGlobalSection
	GlobalSection(SolutionProperties) = preSolution
		HideSolutionNode = FALSE
	EndGlobalSection
	GlobalSection(ExtensibilityGlobals) = postSolution
		SolutionGuid = {288D0323-AFB3-4F7B-9735-A4AB77417E05}
	EndGlobalSection
EndGlobal
